// !$*UTF8*$!
{
	archiveVersion = 1;
	classes = {
	};
	objectVersion = 56;
	objects = {

/* Begin PBXBuildFile section */
		7C3401D12BEA3BB400A793CE /* random_quote_and_imageApp.swift in Sources */ = {isa = PBXBuildFile; fileRef = 7C3401D02BEA3BB400A793CE /* random_quote_and_imageApp.swift */; };
		7C3401D32BEA3BB400A793CE /* ContentView.swift in Sources */ = {isa = PBXBuildFile; fileRef = 7C3401D22BEA3BB400A793CE /* ContentView.swift */; };
		7C3401D52BEA3BB600A793CE /* Assets.xcassets in Resources */ = {isa = PBXBuildFile; fileRef = 7C3401D42BEA3BB600A793CE /* Assets.xcassets */; };
		7C3401D82BEA3BB600A793CE /* Preview Assets.xcassets in Resources */ = {isa = PBXBuildFile; fileRef = 7C3401D72BEA3BB600A793CE /* Preview Assets.xcassets */; };
		7C3401E22BEA3BEE00A793CE /* RandomImage.swift in Sources */ = {isa = PBXBuildFile; fileRef = 7C3401E12BEA3BEE00A793CE /* RandomImage.swift */; };
		7C3401E42BEA3C2100A793CE /* WebService.swift in Sources */ = {isa = PBXBuildFile; fileRef = 7C3401E32BEA3C2100A793CE /* WebService.swift */; };
		7C3401E72BEA3C8C00A793CE /* Constants.swift in Sources */ = {isa = PBXBuildFile; fileRef = 7C3401E62BEA3C8C00A793CE /* Constants.swift */; };
		7C3401E92BEA401E00A793CE /* RandomImageListViewModel.swift in Sources */ = {isa = PBXBuildFile; fileRef = 7C3401E82BEA401E00A793CE /* RandomImageListViewModel.swift */; };
/* End PBXBuildFile section */

/* Begin PBXFileReference section */
		7C3401CD2BEA3BB400A793CE /* random-quote-and-image.app */ = {isa = PBXFileReference; explicitFileType = wrapper.application; includeInIndex = 0; path = "random-quote-and-image.app"; sourceTree = BUILT_PRODUCTS_DIR; };
		7C3401D02BEA3BB400A793CE /* random_quote_and_imageApp.swift */ = {isa = PBXFileReference; lastKnownFileType = sourcecode.swift; path = random_quote_and_imageApp.swift; sourceTree = "<group>"; };
		7C3401D22BEA3BB400A793CE /* ContentView.swift */ = {isa = PBXFileReference; lastKnownFileType = sourcecode.swift; path = ContentView.swift; sourceTree = "<group>"; };
		7C3401D42BEA3BB600A793CE /* Assets.xcassets */ = {isa = PBXFileReference; lastKnownFileType = folder.assetcatalog; path = Assets.xcassets; sourceTree = "<group>"; };
		7C3401D72BEA3BB600A793CE /* Preview Assets.xcassets */ = {isa = PBXFileReference; lastKnownFileType = folder.assetcatalog; path = "Preview Assets.xcassets"; sourceTree = "<group>"; };
		7C3401E12BEA3BEE00A793CE /* RandomImage.swift */ = {isa = PBXFileReference; lastKnownFileType = sourcecode.swift; path = RandomImage.swift; sourceTree = "<group>"; };
		7C3401E32BEA3C2100A793CE /* WebService.swift */ = {isa = PBXFileReference; lastKnownFileType = sourcecode.swift; path = WebService.swift; sourceTree = "<group>"; };
		7C3401E62BEA3C8C00A793CE /* Constants.swift */ = {isa = PBXFileReference; lastKnownFileType = sourcecode.swift; path = Constants.swift; sourceTree = "<group>"; };
		7C3401E82BEA401E00A793CE /* RandomImageListViewModel.swift */ = {isa = PBXFileReference; lastKnownFileType = sourcecode.swift; path = RandomImageListViewModel.swift; sourceTree = "<group>"; };
/* End PBXFileReference section */

/* Begin PBXFrameworksBuildPhase section */
		7C3401CA2BEA3BB400A793CE /* Frameworks */ = {
			isa = PBXFrameworksBuildPhase;
			buildActionMask = 2147483647;
			files = (
			);
			runOnlyForDeploymentPostprocessing = 0;
		};
/* End PBXFrameworksBuildPhase section */

/* Begin PBXGroup section */
		7C3401C42BEA3BB400A793CE = {
			isa = PBXGroup;
			children = (
				7C3401CF2BEA3BB400A793CE /* random-quote-and-image */,
				7C3401CE2BEA3BB400A793CE /* Products */,
			);
			sourceTree = "<group>";
		};
		7C3401CE2BEA3BB400A793CE /* Products */ = {
			isa = PBXGroup;
			children = (
				7C3401CD2BEA3BB400A793CE /* random-quote-and-image.app */,
			);
			name = Products;
			sourceTree = "<group>";
		};
		7C3401CF2BEA3BB400A793CE /* random-quote-and-image */ = {
			isa = PBXGroup;
			children = (
				7C3401E52BEA3C8400A793CE /* Utils */,
				7C3401E02BEA3BE300A793CE /* View Models */,
				7C3401DF2BEA3BDC00A793CE /* Models */,
				7C3401DE2BEA3BD600A793CE /* Services */,
				7C3401D02BEA3BB400A793CE /* random_quote_and_imageApp.swift */,
				7C3401D22BEA3BB400A793CE /* ContentView.swift */,
				7C3401D42BEA3BB600A793CE /* Assets.xcassets */,
				7C3401D62BEA3BB600A793CE /* Preview Content */,
			);
			path = "random-quote-and-image";
			sourceTree = "<group>";
		};
		7C3401D62BEA3BB600A793CE /* Preview Content */ = {
			isa = PBXGroup;
			children = (
				7C3401D72BEA3BB600A793CE /* Preview Assets.xcassets */,
			);
			path = "Preview Content";
			sourceTree = "<group>";
		};
		7C3401DE2BEA3BD600A793CE /* Services */ = {
			isa = PBXGroup;
			children = (
				7C3401E32BEA3C2100A793CE /* WebService.swift */,
			);
			path = Services;
			sourceTree = "<group>";
		};
		7C3401DF2BEA3BDC00A793CE /* Models */ = {
			isa = PBXGroup;
			children = (
				7C3401E12BEA3BEE00A793CE /* RandomImage.swift */,
			);
			path = Models;
			sourceTree = "<group>";
		};
		7C3401E02BEA3BE300A793CE /* View Models */ = {
			isa = PBXGroup;
			children = (
				7C3401E82BEA401E00A793CE /* RandomImageListViewModel.swift */,
			);
			path = "View Models";
			sourceTree = "<group>";
		};
		7C3401E52BEA3C8400A793CE /* Utils */ = {
			isa = PBXGroup;
			children = (
				7C3401E62BEA3C8C00A793CE /* Constants.swift */,
			);
			path = Utils;
			sourceTree = "<group>";
		};
/* End PBXGroup section */

/* Begin PBXNativeTarget section */
		7C3401CC2BEA3BB400A793CE /* random-quote-and-image */ = {
			isa = PBXNativeTarget;
			buildConfigurationList = 7C3401DB2BEA3BB600A793CE /* Build configuration list for PBXNativeTarget "random-quote-and-image" */;
			buildPhases = (
				7C3401C92BEA3BB400A793CE /* Sources */,
				7C3401CA2BEA3BB400A793CE /* Frameworks */,
				7C3401CB2BEA3BB400A793CE /* Resources */,
			);
			buildRules = (
			);
			dependencies = (
			);
			name = "random-quote-and-image";
			productName = "random-quote-and-image";
			productReference = 7C3401CD2BEA3BB400A793CE /* random-quote-and-image.app */;
			productType = "com.apple.product-type.application";
		};
/* End PBXNativeTarget section */

/* Begin PBXProject section */
		7C3401C52BEA3BB400A793CE /* Project object */ = {
			isa = PBXProject;
			attributes = {
				BuildIndependentTargetsInParallel = 1;
				LastSwiftUpdateCheck = 1530;
				LastUpgradeCheck = 1530;
				TargetAttributes = {
					7C3401CC2BEA3BB400A793CE = {
						CreatedOnToolsVersion = 15.3;
					};
				};
			};
			buildConfigurationList = 7C3401C82BEA3BB400A793CE /* Build configuration list for PBXProject "random-quote-and-image" */;
			compatibilityVersion = "Xcode 14.0";
			developmentRegion = en;
			hasScannedForEncodings = 0;
			knownRegions = (
				en,
				Base,
			);
			mainGroup = 7C3401C42BEA3BB400A793CE;
			productRefGroup = 7C3401CE2BEA3BB400A793CE /* Products */;
			projectDirPath = "";
			projectRoot = "";
			targets = (
				7C3401CC2BEA3BB400A793CE /* random-quote-and-image */,
			);
		};
/* End PBXProject section */

/* Begin PBXResourcesBuildPhase section */
		7C3401CB2BEA3BB400A793CE /* Resources */ = {
			isa = PBXResourcesBuildPhase;
			buildActionMask = 2147483647;
			files = (
				7C3401D82BEA3BB600A793CE /* Preview Assets.xcassets in Resources */,
				7C3401D52BEA3BB600A793CE /* Assets.xcassets in Resources */,
			);
			runOnlyForDeploymentPostprocessing = 0;
		};
/* End PBXResourcesBuildPhase section */

/* Begin PBXSourcesBuildPhase section */
		7C3401C92BEA3BB400A793CE /* Sources */ = {
			isa = PBXSourcesBuildPhase;
			buildActionMask = 2147483647;
			files = (
				7C3401E72BEA3C8C00A793CE /* Constants.swift in Sources */,
				7C3401D32BEA3BB400A793CE /* ContentView.swift in Sources */,
				7C3401E22BEA3BEE00A793CE /* RandomImage.swift in Sources */,
				7C3401E42BEA3C2100A793CE /* WebService.swift in Sources */,
				7C3401D12BEA3BB400A793CE /* random_quote_and_imageApp.swift in Sources */,
				7C3401E92BEA401E00A793CE /* RandomImageListViewModel.swift in Sources */,
			);
			runOnlyForDeploymentPostprocessing = 0;
		};
/* End PBXSourcesBuildPhase section */

/* Begin XCBuildConfiguration section */
		7C3401D92BEA3BB600A793CE /* Debug */ = {
			isa = XCBuildConfiguration;
			buildSettings = {
				ALWAYS_SEARCH_USER_PATHS = NO;
				ASSETCATALOG_COMPILER_GENERATE_SWIFT_ASSET_SYMBOL_EXTENSIONS = YES;
				CLANG_ANALYZER_NONNULL = YES;
				CLANG_ANALYZER_NUMBER_OBJECT_CONVERSION = YES_AGGRESSIVE;
				CLANG_CXX_LANGUAGE_STANDARD = "gnu++20";
				CLANG_ENABLE_MODULES = YES;
				CLANG_ENABLE_OBJC_ARC = YES;
				CLANG_ENABLE_OBJC_WEAK = YES;
				CLANG_WARN_BLOCK_CAPTURE_AUTORELEASING = YES;
				CLANG_WARN_BOOL_CONVERSION = YES;
				CLANG_WARN_COMMA = YES;
				CLANG_WARN_CONSTANT_CONVERSION = YES;
				CLANG_WARN_DEPRECATED_OBJC_IMPLEMENTATIONS = YES;
				CLANG_WARN_DIRECT_OBJC_ISA_USAGE = YES_ERROR;
				CLANG_WARN_DOCUMENTATION_COMMENTS = YES;
				CLANG_WARN_EMPTY_BODY = YES;
				CLANG_WARN_ENUM_CONVERSION = YES;
				CLANG_WARN_INFINITE_RECURSION = YES;
				CLANG_WARN_INT_CONVERSION = YES;
				CLANG_WARN_NON_LITERAL_NULL_CONVERSION = YES;
				CLANG_WARN_OBJC_IMPLICIT_RETAIN_SELF = YES;
				CLANG_WARN_OBJC_LITERAL_CONVERSION = YES;
				CLANG_WARN_OBJC_ROOT_CLASS = YES_ERROR;
				CLANG_WARN_QUOTED_INCLUDE_IN_FRAMEWORK_HEADER = YES;
				CLANG_WARN_RANGE_LOOP_ANALYSIS = YES;
				CLANG_WARN_STRICT_PROTOTYPES = YES;
				CLANG_WARN_SUSPICIOUS_MOVE = YES;
				CLANG_WARN_UNGUARDED_AVAILABILITY = YES_AGGRESSIVE;
				CLANG_WARN_UNREACHABLE_CODE = YES;
				CLANG_WARN__DUPLICATE_METHOD_MATCH = YES;
				COPY_PHASE_STRIP = NO;
				DEBUG_INFORMATION_FORMAT = dwarf;
				ENABLE_STRICT_OBJC_MSGSEND = YES;
				ENABLE_TESTABILITY = YES;
				ENABLE_USER_SCRIPT_SANDBOXING = YES;
				GCC_C_LANGUAGE_STANDARD = gnu17;
				GCC_DYNAMIC_NO_PIC = NO;
				GCC_NO_COMMON_BLOCKS = YES;
				GCC_OPTIMIZATION_LEVEL = 0;
				GCC_PREPROCESSOR_DEFINITIONS = (
					"DEBUG=1",
					"$(inherited)",
				);
				GCC_WARN_64_TO_32_BIT_CONVERSION = YES;
				GCC_WARN_ABOUT_RETURN_TYPE = YES_ERROR;
				GCC_WARN_UNDECLARED_SELECTOR = YES;
				GCC_WARN_UNINITIALIZED_AUTOS = YES_AGGRESSIVE;
				GCC_WARN_UNUSED_FUNCTION = YES;
				GCC_WARN_UNUSED_VARIABLE = YES;
				IPHONEOS_DEPLOYMENT_TARGET = 17.4;
				LOCALIZATION_PREFERS_STRING_CATALOGS = YES;
				MTL_ENABLE_DEBUG_INFO = INCLUDE_SOURCE;
				MTL_FAST_MATH = YES;
				ONLY_ACTIVE_ARCH = YES;
				SDKROOT = iphoneos;
				SWIFT_ACTIVE_COMPILATION_CONDITIONS = "DEBUG $(inherited)";
				SWIFT_OPTIMIZATION_LEVEL = "-Onone";
			};
			name = Debug;
		};
		7C3401DA2BEA3BB600A793CE /* Release */ = {
			isa = XCBuildConfiguration;
			buildSettings = {
				ALWAYS_SEARCH_USER_PATHS = NO;
				ASSETCATALOG_COMPILER_GENERATE_SWIFT_ASSET_SYMBOL_EXTENSIONS = YES;
				CLANG_ANALYZER_NONNULL = YES;
				CLANG_ANALYZER_NUMBER_OBJECT_CONVERSION = YES_AGGRESSIVE;
				CLANG_CXX_LANGUAGE_STANDARD = "gnu++20";
				CLANG_ENABLE_MODULES = YES;
				CLANG_ENABLE_OBJC_ARC = YES;
				CLANG_ENABLE_OBJC_WEAK = YES;
				CLANG_WARN_BLOCK_CAPTURE_AUTORELEASING = YES;
				CLANG_WARN_BOOL_CONVERSION = YES;
				CLANG_WARN_COMMA = YES;
				CLANG_WARN_CONSTANT_CONVERSION = YES;
				CLANG_WARN_DEPRECATED_OBJC_IMPLEMENTATIONS = YES;
				CLANG_WARN_DIRECT_OBJC_ISA_USAGE = YES_ERROR;
				CLANG_WARN_DOCUMENTATION_COMMENTS = YES;
				CLANG_WARN_EMPTY_BODY = YES;
				CLANG_WARN_ENUM_CONVERSION = YES;
				CLANG_WARN_INFINITE_RECURSION = YES;
				CLANG_WARN_INT_CONVERSION = YES;
				CLANG_WARN_NON_LITERAL_NULL_CONVERSION = YES;
				CLANG_WARN_OBJC_IMPLICIT_RETAIN_SELF = YES;
				CLANG_WARN_OBJC_LITERAL_CONVERSION = YES;
				CLANG_WARN_OBJC_ROOT_CLASS = YES_ERROR;
				CLANG_WARN_QUOTED_INCLUDE_IN_FRAMEWORK_HEADER = YES;
				CLANG_WARN_RANGE_LOOP_ANALYSIS = YES;
				CLANG_WARN_STRICT_PROTOTYPES = YES;
				CLANG_WARN_SUSPICIOUS_MOVE = YES;
				CLANG_WARN_UNGUARDED_AVAILABILITY = YES_AGGRESSIVE;
				CLANG_WARN_UNREACHABLE_CODE = YES;
				CLANG_WARN__DUPLICATE_METHOD_MATCH = YES;
				COPY_PHASE_STRIP = NO;
				DEBUG_INFORMATION_FORMAT = "dwarf-with-dsym";
				ENABLE_NS_ASSERTIONS = NO;
				ENABLE_STRICT_OBJC_MSGSEND = YES;
				ENABLE_USER_SCRIPT_SANDBOXING = YES;
				GCC_C_LANGUAGE_STANDARD = gnu17;
				GCC_NO_COMMON_BLOCKS = YES;
				GCC_WARN_64_TO_32_BIT_CONVERSION = YES;
				GCC_WARN_ABOUT_RETURN_TYPE = YES_ERROR;
				GCC_WARN_UNDECLARED_SELECTOR = YES;
				GCC_WARN_UNINITIALIZED_AUTOS = YES_AGGRESSIVE;
				GCC_WARN_UNUSED_FUNCTION = YES;
				GCC_WARN_UNUSED_VARIABLE = YES;
				IPHONEOS_DEPLOYMENT_TARGET = 17.4;
				LOCALIZATION_PREFERS_STRING_CATALOGS = YES;
				MTL_ENABLE_DEBUG_INFO = NO;
				MTL_FAST_MATH = YES;
				SDKROOT = iphoneos;
				SWIFT_COMPILATION_MODE = wholemodule;
				VALIDATE_PRODUCT = YES;
			};
			name = Release;
		};
		7C3401DC2BEA3BB600A793CE /* Debug */ = {
			isa = XCBuildConfiguration;
			buildSettings = {
				ASSETCATALOG_COMPILER_APPICON_NAME = AppIcon;
				ASSETCATALOG_COMPILER_GLOBAL_ACCENT_COLOR_NAME = AccentColor;
				CODE_SIGN_STYLE = Automatic;
				CURRENT_PROJECT_VERSION = 1;
				DEVELOPMENT_ASSET_PATHS = "\"random-quote-and-image/Preview Content\"";
				DEVELOPMENT_TEAM = ATK7X87JFN;
				ENABLE_PREVIEWS = YES;
				GENERATE_INFOPLIST_FILE = YES;
				INFOPLIST_KEY_UIApplicationSceneManifest_Generation = YES;
				INFOPLIST_KEY_UIApplicationSupportsIndirectInputEvents = YES;
				INFOPLIST_KEY_UILaunchScreen_Generation = YES;
				INFOPLIST_KEY_UISupportedInterfaceOrientations_iPad = "UIInterfaceOrientationPortrait UIInterfaceOrientationPortraitUpsideDown UIInterfaceOrientationLandscapeLeft UIInterfaceOrientationLandscapeRight";
				INFOPLIST_KEY_UISupportedInterfaceOrientations_iPhone = "UIInterfaceOrientationPortrait UIInterfaceOrientationLandscapeLeft UIInterfaceOrientationLandscapeRight";
				LD_RUNPATH_SEARCH_PATHS = (
					"$(inherited)",
					"@executable_path/Frameworks",
				);
				MARKETING_VERSION = 1.0;
				PRODUCT_BUNDLE_IDENTIFIER = "com.tutorial.random-quote-and-image";
				PRODUCT_NAME = "$(TARGET_NAME)";
				SWIFT_EMIT_LOC_STRINGS = YES;
				SWIFT_VERSION = 5.0;
				TARGETED_DEVICE_FAMILY = "1,2";
			};
			name = Debug;
		};
		7C3401DD2BEA3BB600A793CE /* Release */ = {
			isa = XCBuildConfiguration;
			buildSettings = {
				ASSETCATALOG_COMPILER_APPICON_NAME = AppIcon;
				ASSETCATALOG_COMPILER_GLOBAL_ACCENT_COLOR_NAME = AccentColor;
				CODE_SIGN_STYLE = Automatic;
				CURRENT_PROJECT_VERSION = 1;
				DEVELOPMENT_ASSET_PATHS = "\"random-quote-and-image/Preview Content\"";
				DEVELOPMENT_TEAM = ATK7X87JFN;
				ENABLE_PREVIEWS = YES;
				GENERATE_INFOPLIST_FILE = YES;
				INFOPLIST_KEY_UIApplicationSceneManifest_Generation = YES;
				INFOPLIST_KEY_UIApplicationSupportsIndirectInputEvents = YES;
				INFOPLIST_KEY_UILaunchScreen_Generation = YES;
				INFOPLIST_KEY_UISupportedInterfaceOrientations_iPad = "UIInterfaceOrientationPortrait UIInterfaceOrientationPortraitUpsideDown UIInterfaceOrientationLandscapeLeft UIInterfaceOrientationLandscapeRight";
				INFOPLIST_KEY_UISupportedInterfaceOrientations_iPhone = "UIInterfaceOrientationPortrait UIInterfaceOrientationLandscapeLeft UIInterfaceOrientationLandscapeRight";
				LD_RUNPATH_SEARCH_PATHS = (
					"$(inherited)",
					"@executable_path/Frameworks",
				);
				MARKETING_VERSION = 1.0;
				PRODUCT_BUNDLE_IDENTIFIER = "com.tutorial.random-quote-and-image";
				PRODUCT_NAME = "$(TARGET_NAME)";
				SWIFT_EMIT_LOC_STRINGS = YES;
				SWIFT_VERSION = 5.0;
				TARGETED_DEVICE_FAMILY = "1,2";
			};
			name = Release;
		};
/* End XCBuildConfiguration section */

/* Begin XCConfigurationList section */
		7C3401C82BEA3BB400A793CE /* Build configuration list for PBXProject "random-quote-and-image" */ = {
			isa = XCConfigurationList;
			buildConfigurations = (
				7C3401D92BEA3BB600A793CE /* Debug */,
				7C3401DA2BEA3BB600A793CE /* Release */,
			);
			defaultConfigurationIsVisible = 0;
			defaultConfigurationName = Release;
		};
		7C3401DB2BEA3BB600A793CE /* Build configuration list for PBXNativeTarget "random-quote-and-image" */ = {
			isa = XCConfigurationList;
			buildConfigurations = (
				7C3401DC2BEA3BB600A793CE /* Debug */,
				7C3401DD2BEA3BB600A793CE /* Release */,
			);
			defaultConfigurationIsVisible = 0;
			defaultConfigurationName = Release;
		};
/* End XCConfigurationList section */
	};
	rootObject = 7C3401C52BEA3BB400A793CE /* Project object */;
}
